// !$*UTF8*$!
{
	archiveVersion = 1;
	classes = {
	};
	objectVersion = 50;
	objects = {

/* Begin PBXBuildFile section */
		C0A8B02826413797007A8396 /* ThirdPageView.swift in Sources */ = {isa = PBXBuildFile; fileRef = C0A8B02726413797007A8396 /* ThirdPageView.swift */; };
		C0F92A1A26404A5200578145 /* AppDelegate.swift in Sources */ = {isa = PBXBuildFile; fileRef = C0F92A1926404A5200578145 /* AppDelegate.swift */; };
		C0F92A1C26404A5200578145 /* SceneDelegate.swift in Sources */ = {isa = PBXBuildFile; fileRef = C0F92A1B26404A5200578145 /* SceneDelegate.swift */; };
		C0F92A2126404A5200578145 /* Main.storyboard in Resources */ = {isa = PBXBuildFile; fileRef = C0F92A1F26404A5200578145 /* Main.storyboard */; };
		C0F92A2326404A5300578145 /* Assets.xcassets in Resources */ = {isa = PBXBuildFile; fileRef = C0F92A2226404A5300578145 /* Assets.xcassets */; };
		C0F92A2626404A5300578145 /* LaunchScreen.storyboard in Resources */ = {isa = PBXBuildFile; fileRef = C0F92A2426404A5300578145 /* LaunchScreen.storyboard */; };
		C0F92A312640503500578145 /* FirstPageViewController.swift in Sources */ = {isa = PBXBuildFile; fileRef = C0F92A302640503500578145 /* FirstPageViewController.swift */; };
		C0F92A332640539800578145 /* FirstPageModel.swift in Sources */ = {isa = PBXBuildFile; fileRef = C0F92A322640539800578145 /* FirstPageModel.swift */; };
		C0F92A3726411D6F00578145 /* SecondViewController.swift in Sources */ = {isa = PBXBuildFile; fileRef = C0F92A3626411D6F00578145 /* SecondViewController.swift */; };
		C0F92A3926411D8C00578145 /* SecondPageView.swift in Sources */ = {isa = PBXBuildFile; fileRef = C0F92A3826411D8C00578145 /* SecondPageView.swift */; };
		C0F92A3C264123F200578145 /* Montserrat in Resources */ = {isa = PBXBuildFile; fileRef = C0F92A3B264123F200578145 /* Montserrat */; };
		C0F92A3E2641356F00578145 /* ThirdViewController.swift in Sources */ = {isa = PBXBuildFile; fileRef = C0F92A3D2641356F00578145 /* ThirdViewController.swift */; };
/* End PBXBuildFile section */

/* Begin PBXFileReference section */
		C0A8B02726413797007A8396 /* ThirdPageView.swift */ = {isa = PBXFileReference; lastKnownFileType = sourcecode.swift; path = ThirdPageView.swift; sourceTree = "<group>"; };
		C0A8B03226414F70007A8396 /* Ocean Wave Sounds- 5 minutes of Relaxing Ocean Waves Calms your Mood.mp3 */ = {isa = PBXFileReference; lastKnownFileType = audio.mp3; path = "Ocean Wave Sounds- 5 minutes of Relaxing Ocean Waves Calms your Mood.mp3"; sourceTree = "<group>"; };
		C0A8B03326414F70007A8396 /* Relaxing Rain Sounds, Pt. 01.mp3 */ = {isa = PBXFileReference; lastKnownFileType = audio.mp3; path = "Relaxing Rain Sounds, Pt. 01.mp3"; sourceTree = "<group>"; };
		C0A8B03426414F70007A8396 /* Calm Ocean Sounds.mp3 */ = {isa = PBXFileReference; lastKnownFileType = audio.mp3; path = "Calm Ocean Sounds.mp3"; sourceTree = "<group>"; };
		C0F92A1626404A5200578145 /* PeEmEr.app */ = {isa = PBXFileReference; explicitFileType = wrapper.application; includeInIndex = 0; path = PeEmEr.app; sourceTree = BUILT_PRODUCTS_DIR; };
		C0F92A1926404A5200578145 /* AppDelegate.swift */ = {isa = PBXFileReference; lastKnownFileType = sourcecode.swift; path = AppDelegate.swift; sourceTree = "<group>"; };
		C0F92A1B26404A5200578145 /* SceneDelegate.swift */ = {isa = PBXFileReference; lastKnownFileType = sourcecode.swift; path = SceneDelegate.swift; sourceTree = "<group>"; };
		C0F92A2026404A5200578145 /* Base */ = {isa = PBXFileReference; lastKnownFileType = file.storyboard; name = Base; path = Base.lproj/Main.storyboard; sourceTree = "<group>"; };
		C0F92A2226404A5300578145 /* Assets.xcassets */ = {isa = PBXFileReference; lastKnownFileType = folder.assetcatalog; path = Assets.xcassets; sourceTree = "<group>"; };
		C0F92A2526404A5300578145 /* Base */ = {isa = PBXFileReference; lastKnownFileType = file.storyboard; name = Base; path = Base.lproj/LaunchScreen.storyboard; sourceTree = "<group>"; };
		C0F92A2726404A5300578145 /* Info.plist */ = {isa = PBXFileReference; lastKnownFileType = text.plist.xml; path = Info.plist; sourceTree = "<group>"; };
		C0F92A302640503500578145 /* FirstPageViewController.swift */ = {isa = PBXFileReference; lastKnownFileType = sourcecode.swift; path = FirstPageViewController.swift; sourceTree = "<group>"; };
		C0F92A322640539800578145 /* FirstPageModel.swift */ = {isa = PBXFileReference; lastKnownFileType = sourcecode.swift; path = FirstPageModel.swift; sourceTree = "<group>"; };
		C0F92A3626411D6F00578145 /* SecondViewController.swift */ = {isa = PBXFileReference; lastKnownFileType = sourcecode.swift; path = SecondViewController.swift; sourceTree = "<group>"; };
		C0F92A3826411D8C00578145 /* SecondPageView.swift */ = {isa = PBXFileReference; lastKnownFileType = sourcecode.swift; path = SecondPageView.swift; sourceTree = "<group>"; };
		C0F92A3B264123F200578145 /* Montserrat */ = {isa = PBXFileReference; lastKnownFileType = folder; name = Montserrat; path = ../../../../../../Downloads/Montserrat; sourceTree = "<group>"; };
		C0F92A3D2641356F00578145 /* ThirdViewController.swift */ = {isa = PBXFileReference; lastKnownFileType = sourcecode.swift; path = ThirdViewController.swift; sourceTree = "<group>"; };
/* End PBXFileReference section */

/* Begin PBXFrameworksBuildPhase section */
		C0F92A1326404A5200578145 /* Frameworks */ = {
			isa = PBXFrameworksBuildPhase;
			buildActionMask = 2147483647;
			files = (
			);
			runOnlyForDeploymentPostprocessing = 0;
		};
/* End PBXFrameworksBuildPhase section */

/* Begin PBXGroup section */
		C0A8B03126414F6F007A8396 /* Sounds */ = {
			isa = PBXGroup;
			children = (
				C0A8B03426414F70007A8396 /* Calm Ocean Sounds.mp3 */,
				C0A8B03326414F70007A8396 /* Relaxing Rain Sounds, Pt. 01.mp3 */,
				C0A8B03226414F70007A8396 /* Ocean Wave Sounds- 5 minutes of Relaxing Ocean Waves Calms your Mood.mp3 */,
			);
			path = Sounds;
			sourceTree = "<group>";
		};
		C0F92A0D26404A5200578145 = {
			isa = PBXGroup;
			children = (
				C0A8B03126414F6F007A8396 /* Sounds */,
				C0F92A3A264123C300578145 /* font */,
				C0F92A1826404A5200578145 /* PeEmEr */,
				C0F92A1726404A5200578145 /* Products */,
			);
			sourceTree = "<group>";
		};
		C0F92A1726404A5200578145 /* Products */ = {
			isa = PBXGroup;
			children = (
				C0F92A1626404A5200578145 /* PeEmEr.app */,
			);
			name = Products;
			sourceTree = "<group>";
		};
		C0F92A1826404A5200578145 /* PeEmEr */ = {
			isa = PBXGroup;
			children = (
				C0F92A2F2640501900578145 /* Controller */,
				C0F92A2E2640501500578145 /* View */,
				C0F92A2D2640501000578145 /* Model */,
				C0F92A1926404A5200578145 /* AppDelegate.swift */,
				C0F92A1B26404A5200578145 /* SceneDelegate.swift */,
				C0F92A2226404A5300578145 /* Assets.xcassets */,
				C0F92A2426404A5300578145 /* LaunchScreen.storyboard */,
				C0F92A2726404A5300578145 /* Info.plist */,
			);
			path = PeEmEr;
			sourceTree = "<group>";
		};
		C0F92A2D2640501000578145 /* Model */ = {
			isa = PBXGroup;
			children = (
				C0F92A1F26404A5200578145 /* Main.storyboard */,
			);
			path = Model;
			sourceTree = "<group>";
		};
		C0F92A2E2640501500578145 /* View */ = {
			isa = PBXGroup;
			children = (
				C0F92A322640539800578145 /* FirstPageModel.swift */,
				C0F92A3826411D8C00578145 /* SecondPageView.swift */,
				C0A8B02726413797007A8396 /* ThirdPageView.swift */,
			);
			path = View;
			sourceTree = "<group>";
		};
		C0F92A2F2640501900578145 /* Controller */ = {
			isa = PBXGroup;
			children = (
				C0F92A302640503500578145 /* FirstPageViewController.swift */,
				C0F92A3626411D6F00578145 /* SecondViewController.swift */,
				C0F92A3D2641356F00578145 /* ThirdViewController.swift */,
			);
			path = Controller;
			sourceTree = "<group>";
		};
		C0F92A3A264123C300578145 /* font */ = {
			isa = PBXGroup;
			children = (
				C0F92A3B264123F200578145 /* Montserrat */,
			);
			path = font;
			sourceTree = "<group>";
		};
/* End PBXGroup section */

/* Begin PBXNativeTarget section */
		C0F92A1526404A5200578145 /* PeEmEr */ = {
			isa = PBXNativeTarget;
			buildConfigurationList = C0F92A2A26404A5300578145 /* Build configuration list for PBXNativeTarget "PeEmEr" */;
			buildPhases = (
				C0F92A1226404A5200578145 /* Sources */,
				C0F92A1326404A5200578145 /* Frameworks */,
				C0F92A1426404A5200578145 /* Resources */,
			);
			buildRules = (
			);
			dependencies = (
			);
			name = PeEmEr;
			productName = PeEmEr;
			productReference = C0F92A1626404A5200578145 /* PeEmEr.app */;
			productType = "com.apple.product-type.application";
		};
/* End PBXNativeTarget section */

/* Begin PBXProject section */
		C0F92A0E26404A5200578145 /* Project object */ = {
			isa = PBXProject;
			attributes = {
				LastSwiftUpdateCheck = 1250;
				LastUpgradeCheck = 1250;
				TargetAttributes = {
					C0F92A1526404A5200578145 = {
						CreatedOnToolsVersion = 12.5;
					};
				};
			};
			buildConfigurationList = C0F92A1126404A5200578145 /* Build configuration list for PBXProject "PeEmEr" */;
			compatibilityVersion = "Xcode 9.3";
			developmentRegion = en;
			hasScannedForEncodings = 0;
			knownRegions = (
				en,
				Base,
			);
			mainGroup = C0F92A0D26404A5200578145;
			productRefGroup = C0F92A1726404A5200578145 /* Products */;
			projectDirPath = "";
			projectRoot = "";
			targets = (
				C0F92A1526404A5200578145 /* PeEmEr */,
			);
		};
/* End PBXProject section */

/* Begin PBXResourcesBuildPhase section */
		C0F92A1426404A5200578145 /* Resources */ = {
			isa = PBXResourcesBuildPhase;
			buildActionMask = 2147483647;
			files = (
				C0F92A2626404A5300578145 /* LaunchScreen.storyboard in Resources */,
				C0F92A3C264123F200578145 /* Montserrat in Resources */,
				C0F92A2326404A5300578145 /* Assets.xcassets in Resources */,
				C0F92A2126404A5200578145 /* Main.storyboard in Resources */,
			);
			runOnlyForDeploymentPostprocessing = 0;
		};
/* End PBXResourcesBuildPhase section */

/* Begin PBXSourcesBuildPhase section */
		C0F92A1226404A5200578145 /* Sources */ = {
			isa = PBXSourcesBuildPhase;
			buildActionMask = 2147483647;
			files = (
				C0F92A312640503500578145 /* FirstPageViewController.swift in Sources */,
				C0A8B02826413797007A8396 /* ThirdPageView.swift in Sources */,
				C0F92A332640539800578145 /* FirstPageModel.swift in Sources */,
				C0F92A1A26404A5200578145 /* AppDelegate.swift in Sources */,
				C0F92A3E2641356F00578145 /* ThirdViewController.swift in Sources */,
				C0F92A3726411D6F00578145 /* SecondViewController.swift in Sources */,
				C0F92A1C26404A5200578145 /* SceneDelegate.swift in Sources */,
				C0F92A3926411D8C00578145 /* SecondPageView.swift in Sources */,
			);
			runOnlyForDeploymentPostprocessing = 0;
		};
/* End PBXSourcesBuildPhase section */

/* Begin PBXVariantGroup section */
		C0F92A1F26404A5200578145 /* Main.storyboard */ = {
			isa = PBXVariantGroup;
			children = (
				C0F92A2026404A5200578145 /* Base */,
			);
			name = Main.storyboard;
			sourceTree = "<group>";
		};
		C0F92A2426404A5300578145 /* LaunchScreen.storyboard */ = {
			isa = PBXVariantGroup;
			children = (
				C0F92A2526404A5300578145 /* Base */,
			);
			name = LaunchScreen.storyboard;
			sourceTree = "<group>";
		};
/* End PBXVariantGroup section */

/* Begin XCBuildConfiguration section */
		C0F92A2826404A5300578145 /* Debug */ = {
			isa = XCBuildConfiguration;
			buildSettings = {
				ALWAYS_SEARCH_USER_PATHS = NO;
				CLANG_ANALYZER_NONNULL = YES;
				CLANG_ANALYZER_NUMBER_OBJECT_CONVERSION = YES_AGGRESSIVE;
				CLANG_CXX_LANGUAGE_STANDARD = "gnu++14";
				CLANG_CXX_LIBRARY = "libc++";
				CLANG_ENABLE_MODULES = YES;
				CLANG_ENABLE_OBJC_ARC = YES;
				CLANG_ENABLE_OBJC_WEAK = YES;
				CLANG_WARN_BLOCK_CAPTURE_AUTORELEASING = YES;
				CLANG_WARN_BOOL_CONVERSION = YES;
				CLANG_WARN_COMMA = YES;
				CLANG_WARN_CONSTANT_CONVERSION = YES;
				CLANG_WARN_DEPRECATED_OBJC_IMPLEMENTATIONS = YES;
				CLANG_WARN_DIRECT_OBJC_ISA_USAGE = YES_ERROR;
				CLANG_WARN_DOCUMENTATION_COMMENTS = YES;
				CLANG_WARN_EMPTY_BODY = YES;
				CLANG_WARN_ENUM_CONVERSION = YES;
				CLANG_WARN_INFINITE_RECURSION = YES;
				CLANG_WARN_INT_CONVERSION = YES;
				CLANG_WARN_NON_LITERAL_NULL_CONVERSION = YES;
				CLANG_WARN_OBJC_IMPLICIT_RETAIN_SELF = YES;
				CLANG_WARN_OBJC_LITERAL_CONVERSION = YES;
				CLANG_WARN_OBJC_ROOT_CLASS = YES_ERROR;
				CLANG_WARN_QUOTED_INCLUDE_IN_FRAMEWORK_HEADER = YES;
				CLANG_WARN_RANGE_LOOP_ANALYSIS = YES;
				CLANG_WARN_STRICT_PROTOTYPES = YES;
				CLANG_WARN_SUSPICIOUS_MOVE = YES;
				CLANG_WARN_UNGUARDED_AVAILABILITY = YES_AGGRESSIVE;
				CLANG_WARN_UNREACHABLE_CODE = YES;
				CLANG_WARN__DUPLICATE_METHOD_MATCH = YES;
				COPY_PHASE_STRIP = NO;
				DEBUG_INFORMATION_FORMAT = dwarf;
				ENABLE_STRICT_OBJC_MSGSEND = YES;
				ENABLE_TESTABILITY = YES;
				GCC_C_LANGUAGE_STANDARD = gnu11;
				GCC_DYNAMIC_NO_PIC = NO;
				GCC_NO_COMMON_BLOCKS = YES;
				GCC_OPTIMIZATION_LEVEL = 0;
				GCC_PREPROCESSOR_DEFINITIONS = (
					"DEBUG=1",
					"$(inherited)",
				);
				GCC_WARN_64_TO_32_BIT_CONVERSION = YES;
				GCC_WARN_ABOUT_RETURN_TYPE = YES_ERROR;
				GCC_WARN_UNDECLARED_SELECTOR = YES;
				GCC_WARN_UNINITIALIZED_AUTOS = YES_AGGRESSIVE;
				GCC_WARN_UNUSED_FUNCTION = YES;
				GCC_WARN_UNUSED_VARIABLE = YES;
				IPHONEOS_DEPLOYMENT_TARGET = 14.5;
				MTL_ENABLE_DEBUG_INFO = INCLUDE_SOURCE;
				MTL_FAST_MATH = YES;
				ONLY_ACTIVE_ARCH = YES;
				SDKROOT = iphoneos;
				SWIFT_ACTIVE_COMPILATION_CONDITIONS = DEBUG;
				SWIFT_OPTIMIZATION_LEVEL = "-Onone";
			};
			name = Debug;
		};
		C0F92A2926404A5300578145 /* Release */ = {
			isa = XCBuildConfiguration;
			buildSettings = {
				ALWAYS_SEARCH_USER_PATHS = NO;
				CLANG_ANALYZER_NONNULL = YES;
				CLANG_ANALYZER_NUMBER_OBJECT_CONVERSION = YES_AGGRESSIVE;
				CLANG_CXX_LANGUAGE_STANDARD = "gnu++14";
				CLANG_CXX_LIBRARY = "libc++";
				CLANG_ENABLE_MODULES = YES;
				CLANG_ENABLE_OBJC_ARC = YES;
				CLANG_ENABLE_OBJC_WEAK = YES;
				CLANG_WARN_BLOCK_CAPTURE_AUTORELEASING = YES;
				CLANG_WARN_BOOL_CONVERSION = YES;
				CLANG_WARN_COMMA = YES;
				CLANG_WARN_CONSTANT_CONVERSION = YES;
				CLANG_WARN_DEPRECATED_OBJC_IMPLEMENTATIONS = YES;
				CLANG_WARN_DIRECT_OBJC_ISA_USAGE = YES_ERROR;
				CLANG_WARN_DOCUMENTATION_COMMENTS = YES;
				CLANG_WARN_EMPTY_BODY = YES;
				CLANG_WARN_ENUM_CONVERSION = YES;
				CLANG_WARN_INFINITE_RECURSION = YES;
				CLANG_WARN_INT_CONVERSION = YES;
				CLANG_WARN_NON_LITERAL_NULL_CONVERSION = YES;
				CLANG_WARN_OBJC_IMPLICIT_RETAIN_SELF = YES;
				CLANG_WARN_OBJC_LITERAL_CONVERSION = YES;
				CLANG_WARN_OBJC_ROOT_CLASS = YES_ERROR;
				CLANG_WARN_QUOTED_INCLUDE_IN_FRAMEWORK_HEADER = YES;
				CLANG_WARN_RANGE_LOOP_ANALYSIS = YES;
				CLANG_WARN_STRICT_PROTOTYPES = YES;
				CLANG_WARN_SUSPICIOUS_MOVE = YES;
				CLANG_WARN_UNGUARDED_AVAILABILITY = YES_AGGRESSIVE;
				CLANG_WARN_UNREACHABLE_CODE = YES;
				CLANG_WARN__DUPLICATE_METHOD_MATCH = YES;
				COPY_PHASE_STRIP = NO;
				DEBUG_INFORMATION_FORMAT = "dwarf-with-dsym";
				ENABLE_NS_ASSERTIONS = NO;
				ENABLE_STRICT_OBJC_MSGSEND = YES;
				GCC_C_LANGUAGE_STANDARD = gnu11;
				GCC_NO_COMMON_BLOCKS = YES;
				GCC_WARN_64_TO_32_BIT_CONVERSION = YES;
				GCC_WARN_ABOUT_RETURN_TYPE = YES_ERROR;
				GCC_WARN_UNDECLARED_SELECTOR = YES;
				GCC_WARN_UNINITIALIZED_AUTOS = YES_AGGRESSIVE;
				GCC_WARN_UNUSED_FUNCTION = YES;
				GCC_WARN_UNUSED_VARIABLE = YES;
				IPHONEOS_DEPLOYMENT_TARGET = 14.5;
				MTL_ENABLE_DEBUG_INFO = NO;
				MTL_FAST_MATH = YES;
				SDKROOT = iphoneos;
				SWIFT_COMPILATION_MODE = wholemodule;
				SWIFT_OPTIMIZATION_LEVEL = "-O";
				VALIDATE_PRODUCT = YES;
			};
			name = Release;
		};
		C0F92A2B26404A5300578145 /* Debug */ = {
			isa = XCBuildConfiguration;
			buildSettings = {
				ASSETCATALOG_COMPILER_APPICON_NAME = AppIcon;
				ASSETCATALOG_COMPILER_GLOBAL_ACCENT_COLOR_NAME = AccentColor;
				CODE_SIGN_STYLE = Automatic;
				DEVELOPMENT_TEAM = 4QJD99HSU3;
				INFOPLIST_FILE = PeEmEr/Info.plist;
				LD_RUNPATH_SEARCH_PATHS = (
					"$(inherited)",
					"@executable_path/Frameworks",
				);
				PRODUCT_BUNDLE_IDENTIFIER = com.NanoChallenge1.ADA.PeEmEr;
				PRODUCT_NAME = "$(TARGET_NAME)";
				SWIFT_VERSION = 5.0;
				TARGETED_DEVICE_FAMILY = 1;
			};
			name = Debug;
		};
		C0F92A2C26404A5300578145 /* Release */ = {
			isa = XCBuildConfiguration;
			buildSettings = {
				ASSETCATALOG_COMPILER_APPICON_NAME = AppIcon;
				ASSETCATALOG_COMPILER_GLOBAL_ACCENT_COLOR_NAME = AccentColor;
				CODE_SIGN_STYLE = Automatic;
				DEVELOPMENT_TEAM = 4QJD99HSU3;
				INFOPLIST_FILE = PeEmEr/Info.plist;
				LD_RUNPATH_SEARCH_PATHS = (
					"$(inherited)",
					"@executable_path/Frameworks",
				);
				PRODUCT_BUNDLE_IDENTIFIER = com.NanoChallenge1.ADA.PeEmEr;
				PRODUCT_NAME = "$(TARGET_NAME)";
				SWIFT_VERSION = 5.0;
				TARGETED_DEVICE_FAMILY = 1;
			};
			name = Release;
		};
/* End XCBuildConfiguration section */

/* Begin XCConfigurationList section */
		C0F92A1126404A5200578145 /* Build configuration list for PBXProject "PeEmEr" */ = {
			isa = XCConfigurationList;
			buildConfigurations = (
				C0F92A2826404A5300578145 /* Debug */,
				C0F92A2926404A5300578145 /* Release */,
			);
			defaultConfigurationIsVisible = 0;
			defaultConfigurationName = Release;
		};
		C0F92A2A26404A5300578145 /* Build configuration list for PBXNativeTarget "PeEmEr" */ = {
			isa = XCConfigurationList;
			buildConfigurations = (
				C0F92A2B26404A5300578145 /* Debug */,
				C0F92A2C26404A5300578145 /* Release */,
			);
			defaultConfigurationIsVisible = 0;
			defaultConfigurationName = Release;
		};
/* End XCConfigurationList section */
	};
	rootObject = C0F92A0E26404A5200578145 /* Project object */;
}
